
Microsoft Visual Studio Solution File, Format Version 12.00
# Visual Studio 15
VisualStudioVersion = 15.0.28307.757
MinimumVisualStudioVersion = 10.0.40219.1
Project("{8BC9CEB8-8B4A-11D0-8D11-00A0C91BC942}") = "Revision", "Revision\Revision.vcxproj", "{54C52841-D82F-4F78-B9EF-A1C11AC90EE9}"
EndProject
Global
	GlobalSection(SolutionConfigurationPlatforms) = preSolution
		Debug|x64 = Debug|x64
		Debug|x86 = Debug|x86
		Release|x64 = Release|x64
		Release|x86 = Release|x86
	EndGlobalSection
	GlobalSection(ProjectConfigurationPlatforms) = postSolution
		{54C52841-D82F-4F78-B9EF-A1C11AC90EE9}.Debug|x64.ActiveCfg = Debug|x64
		{54C52841-D82F-4F78-B9EF-A1C11AC90EE9}.Debug|x64.Build.0 = Debug|x64
		{54C52841-D82F-4F78-B9EF-A1C11AC90EE9}.Debug|x86.ActiveCfg = Debug|Win32
		{54C52841-D82F-4F78-B9EF-A1C11AC90EE9}.Debug|x86.Build.0 = Debug|Win32
		{54C52841-D82F-4F78-B9EF-A1C11AC90EE9}.Release|x64.ActiveCfg = Release|x64
		{54C52841-D82F-4F78-B9EF-A1C11AC90EE9}.Release|x64.Build.0 = Release|x64
		{54C52841-D82F-4F78-B9EF-A1C11AC90EE9}.Release|x86.ActiveCfg = Release|Win32
		{54C52841-D82F-4F78-B9EF-A1C11AC90EE9}.Release|x86.Build.0 = Release|Win32
	EndGlobalSection
	GlobalSection(SolutionProperties) = preSolution
		HideSolutionNode = FALSE
	EndGlobalSection
	GlobalSection(ExtensibilityGlobals) = postSolution
		SolutionGuid = {60953ED8-C486-46D4-A3AC-94F564F26A8A}
	EndGlobalSection
EndGlobal
