<<<<<<< HEAD
﻿
Microsoft Visual Studio Solution File, Format Version 12.00
# Visual Studio Version 16
VisualStudioVersion = 16.0.28803.156
MinimumVisualStudioVersion = 10.0.40219.1
Project("{8BC9CEB8-8B4A-11D0-8D11-00A0C91BC942}") = "CalcArrayRowColSum", "CalcArrayRowColSum\CalcArrayRowColSum.vcxproj", "{178D9E06-D75C-4B1B-A586-47BB78BC6BDC}"
EndProject
Global
	GlobalSection(SolutionConfigurationPlatforms) = preSolution
		Debug|x64 = Debug|x64
		Debug|x86 = Debug|x86
		Release|x64 = Release|x64
		Release|x86 = Release|x86
	EndGlobalSection
	GlobalSection(ProjectConfigurationPlatforms) = postSolution
		{178D9E06-D75C-4B1B-A586-47BB78BC6BDC}.Debug|x64.ActiveCfg = Debug|x64
		{178D9E06-D75C-4B1B-A586-47BB78BC6BDC}.Debug|x64.Build.0 = Debug|x64
		{178D9E06-D75C-4B1B-A586-47BB78BC6BDC}.Debug|x86.ActiveCfg = Debug|Win32
		{178D9E06-D75C-4B1B-A586-47BB78BC6BDC}.Debug|x86.Build.0 = Debug|Win32
		{178D9E06-D75C-4B1B-A586-47BB78BC6BDC}.Release|x64.ActiveCfg = Release|x64
		{178D9E06-D75C-4B1B-A586-47BB78BC6BDC}.Release|x64.Build.0 = Release|x64
		{178D9E06-D75C-4B1B-A586-47BB78BC6BDC}.Release|x86.ActiveCfg = Release|Win32
		{178D9E06-D75C-4B1B-A586-47BB78BC6BDC}.Release|x86.Build.0 = Release|Win32
	EndGlobalSection
	GlobalSection(SolutionProperties) = preSolution
		HideSolutionNode = FALSE
	EndGlobalSection
	GlobalSection(ExtensibilityGlobals) = postSolution
		SolutionGuid = {4A311896-D6FB-4BCA-B839-0FD7624CD865}
	EndGlobalSection
EndGlobal
=======
﻿
Microsoft Visual Studio Solution File, Format Version 12.00
# Visual Studio Version 16
VisualStudioVersion = 16.0.28803.156
MinimumVisualStudioVersion = 10.0.40219.1
Project("{8BC9CEB8-8B4A-11D0-8D11-00A0C91BC942}") = "CalcArrayRowColSum", "CalcArrayRowColSum\CalcArrayRowColSum.vcxproj", "{178D9E06-D75C-4B1B-A586-47BB78BC6BDC}"
EndProject
Global
	GlobalSection(SolutionConfigurationPlatforms) = preSolution
		Debug|x64 = Debug|x64
		Debug|x86 = Debug|x86
		Release|x64 = Release|x64
		Release|x86 = Release|x86
	EndGlobalSection
	GlobalSection(ProjectConfigurationPlatforms) = postSolution
		{178D9E06-D75C-4B1B-A586-47BB78BC6BDC}.Debug|x64.ActiveCfg = Debug|x64
		{178D9E06-D75C-4B1B-A586-47BB78BC6BDC}.Debug|x64.Build.0 = Debug|x64
		{178D9E06-D75C-4B1B-A586-47BB78BC6BDC}.Debug|x86.ActiveCfg = Debug|Win32
		{178D9E06-D75C-4B1B-A586-47BB78BC6BDC}.Debug|x86.Build.0 = Debug|Win32
		{178D9E06-D75C-4B1B-A586-47BB78BC6BDC}.Release|x64.ActiveCfg = Release|x64
		{178D9E06-D75C-4B1B-A586-47BB78BC6BDC}.Release|x64.Build.0 = Release|x64
		{178D9E06-D75C-4B1B-A586-47BB78BC6BDC}.Release|x86.ActiveCfg = Release|Win32
		{178D9E06-D75C-4B1B-A586-47BB78BC6BDC}.Release|x86.Build.0 = Release|Win32
	EndGlobalSection
	GlobalSection(SolutionProperties) = preSolution
		HideSolutionNode = FALSE
	EndGlobalSection
	GlobalSection(ExtensibilityGlobals) = postSolution
		SolutionGuid = {4A311896-D6FB-4BCA-B839-0FD7624CD865}
	EndGlobalSection
EndGlobal
>>>>>>> cfc854dfa9fd320b235f29d08d85c99e9712d20e
