
Microsoft Visual Studio Solution File, Format Version 12.00
# Visual Studio 15
VisualStudioVersion = 15.0.28307.757
MinimumVisualStudioVersion = 10.0.40219.1
Project("{8BC9CEB8-8B4A-11D0-8D11-00A0C91BC942}") = "testcopy", "testcopy\testcopy.vcxproj", "{DAEA5507-E718-49BA-9757-D2DDC8979D87}"
EndProject
Global
	GlobalSection(SolutionConfigurationPlatforms) = preSolution
		Debug|x64 = Debug|x64
		Debug|x86 = Debug|x86
		Release|x64 = Release|x64
		Release|x86 = Release|x86
	EndGlobalSection
	GlobalSection(ProjectConfigurationPlatforms) = postSolution
		{DAEA5507-E718-49BA-9757-D2DDC8979D87}.Debug|x64.ActiveCfg = Debug|x64
		{DAEA5507-E718-49BA-9757-D2DDC8979D87}.Debug|x64.Build.0 = Debug|x64
		{DAEA5507-E718-49BA-9757-D2DDC8979D87}.Debug|x86.ActiveCfg = Debug|Win32
		{DAEA5507-E718-49BA-9757-D2DDC8979D87}.Debug|x86.Build.0 = Debug|Win32
		{DAEA5507-E718-49BA-9757-D2DDC8979D87}.Release|x64.ActiveCfg = Release|x64
		{DAEA5507-E718-49BA-9757-D2DDC8979D87}.Release|x64.Build.0 = Release|x64
		{DAEA5507-E718-49BA-9757-D2DDC8979D87}.Release|x86.ActiveCfg = Release|Win32
		{DAEA5507-E718-49BA-9757-D2DDC8979D87}.Release|x86.Build.0 = Release|Win32
	EndGlobalSection
	GlobalSection(SolutionProperties) = preSolution
		HideSolutionNode = FALSE
	EndGlobalSection
	GlobalSection(ExtensibilityGlobals) = postSolution
		SolutionGuid = {2B668537-8BDF-4F97-A8D5-48B62BD45A07}
	EndGlobalSection
EndGlobal
