
Microsoft Visual Studio Solution File, Format Version 12.00
# Visual Studio 15
VisualStudioVersion = 15.0.28307.757
MinimumVisualStudioVersion = 10.0.40219.1
Project("{8BC9CEB8-8B4A-11D0-8D11-00A0C91BC942}") = "StringCharactherCount", "StringCharactherCount\StringCharactherCount.vcxproj", "{87BF5627-2795-48E2-AB72-A35856475137}"
EndProject
Global
	GlobalSection(SolutionConfigurationPlatforms) = preSolution
		Debug|x64 = Debug|x64
		Debug|x86 = Debug|x86
		Release|x64 = Release|x64
		Release|x86 = Release|x86
	EndGlobalSection
	GlobalSection(ProjectConfigurationPlatforms) = postSolution
		{87BF5627-2795-48E2-AB72-A35856475137}.Debug|x64.ActiveCfg = Debug|x64
		{87BF5627-2795-48E2-AB72-A35856475137}.Debug|x64.Build.0 = Debug|x64
		{87BF5627-2795-48E2-AB72-A35856475137}.Debug|x86.ActiveCfg = Debug|Win32
		{87BF5627-2795-48E2-AB72-A35856475137}.Debug|x86.Build.0 = Debug|Win32
		{87BF5627-2795-48E2-AB72-A35856475137}.Release|x64.ActiveCfg = Release|x64
		{87BF5627-2795-48E2-AB72-A35856475137}.Release|x64.Build.0 = Release|x64
		{87BF5627-2795-48E2-AB72-A35856475137}.Release|x86.ActiveCfg = Release|Win32
		{87BF5627-2795-48E2-AB72-A35856475137}.Release|x86.Build.0 = Release|Win32
	EndGlobalSection
	GlobalSection(SolutionProperties) = preSolution
		HideSolutionNode = FALSE
	EndGlobalSection
	GlobalSection(ExtensibilityGlobals) = postSolution
		SolutionGuid = {0A92B9A3-F5A0-4EA9-9709-03D1216ACB9F}
	EndGlobalSection
EndGlobal
