
Microsoft Visual Studio Solution File, Format Version 12.00
# Visual Studio 15
VisualStudioVersion = 15.0.28307.757
MinimumVisualStudioVersion = 10.0.40219.1
Project("{8BC9CEB8-8B4A-11D0-8D11-00A0C91BC942}") = "LowestNumber", "LowestNumber\LowestNumber.vcxproj", "{1C251940-2E18-4627-9814-1E858B788A77}"
EndProject
Global
	GlobalSection(SolutionConfigurationPlatforms) = preSolution
		Debug|x64 = Debug|x64
		Debug|x86 = Debug|x86
		Release|x64 = Release|x64
		Release|x86 = Release|x86
	EndGlobalSection
	GlobalSection(ProjectConfigurationPlatforms) = postSolution
		{1C251940-2E18-4627-9814-1E858B788A77}.Debug|x64.ActiveCfg = Debug|x64
		{1C251940-2E18-4627-9814-1E858B788A77}.Debug|x64.Build.0 = Debug|x64
		{1C251940-2E18-4627-9814-1E858B788A77}.Debug|x86.ActiveCfg = Debug|Win32
		{1C251940-2E18-4627-9814-1E858B788A77}.Debug|x86.Build.0 = Debug|Win32
		{1C251940-2E18-4627-9814-1E858B788A77}.Release|x64.ActiveCfg = Release|x64
		{1C251940-2E18-4627-9814-1E858B788A77}.Release|x64.Build.0 = Release|x64
		{1C251940-2E18-4627-9814-1E858B788A77}.Release|x86.ActiveCfg = Release|Win32
		{1C251940-2E18-4627-9814-1E858B788A77}.Release|x86.Build.0 = Release|Win32
	EndGlobalSection
	GlobalSection(SolutionProperties) = preSolution
		HideSolutionNode = FALSE
	EndGlobalSection
	GlobalSection(ExtensibilityGlobals) = postSolution
		SolutionGuid = {709A277B-DB4A-48CE-A6BC-111A1EF81AD5}
	EndGlobalSection
EndGlobal
